
Microsoft Visual Studio Solution File, Format Version 12.00
# Visual Studio Version 17
VisualStudioVersion = 17.11.35312.102
MinimumVisualStudioVersion = 10.0.40219.1
Project("{FAE04EC0-301F-11D3-BF4B-00C04F79EFBC}") = "ASPIdentityFrameWork", "ASPIdentityFrameWork\ASPIdentityFrameWork.csproj", "{012416BE-32A5-4BAA-95E5-F03E37B24422}"
EndProject
Global
	GlobalSection(SolutionConfigurationPlatforms) = preSolution
		Debug|Any CPU = Debug|Any CPU
		Release|Any CPU = Release|Any CPU
	EndGlobalSection
	GlobalSection(ProjectConfigurationPlatforms) = postSolution
		{012416BE-32A5-4BAA-95E5-F03E37B24422}.Debug|Any CPU.ActiveCfg = Debug|Any CPU
		{012416BE-32A5-4BAA-95E5-F03E37B24422}.Debug|Any CPU.Build.0 = Debug|Any CPU
		{012416BE-32A5-4BAA-95E5-F03E37B24422}.Release|Any CPU.ActiveCfg = Release|Any CPU
		{012416BE-32A5-4BAA-95E5-F03E37B24422}.Release|Any CPU.Build.0 = Release|Any CPU
	EndGlobalSection
	GlobalSection(SolutionProperties) = preSolution
		HideSolutionNode = FALSE
	EndGlobalSection
	GlobalSection(ExtensibilityGlobals) = postSolution
		SolutionGuid = {0A8B088E-71B6-4D9C-AF03-E1EFDAC95E53}
	EndGlobalSection
EndGlobal
